
Microsoft Visual Studio Solution File, Format Version 12.00
# Visual Studio 2013
VisualStudioVersion = 12.0.21005.1
MinimumVisualStudioVersion = 10.0.40219.1
Project("{FAE04EC0-301F-11D3-BF4B-00C04F79EFBC}") = "07DOTNET基础扫盲", "控制台\07DOTNET基础扫盲.csproj", "{FF9148EC-35F7-4411-A54F-5C5B3A89DED8}"
EndProject
Project("{FAE04EC0-301F-11D3-BF4B-00C04F79EFBC}") = "06继承", "ExtendClass\06继承.csproj", "{5CE24FA1-AE74-49A7-9134-4482A5C9189D}"
EndProject
Project("{FAE04EC0-301F-11D3-BF4B-00C04F79EFBC}") = "01里氏转换", "01里氏转换\01里氏转换.csproj", "{B4AA25F5-3319-4E6D-B3BF-C2A7DF301845}"
EndProject
Project("{FAE04EC0-301F-11D3-BF4B-00C04F79EFBC}") = "02ArrayList使用", "02ArrayList使用\02ArrayList使用.csproj", "{E7F263A9-5AE0-478F-92E9-7FAD1EE44262}"
EndProject
Project("{FAE04EC0-301F-11D3-BF4B-00C04F79EFBC}") = "03HashTable", "03HashTable\03HashTable.csproj", "{BD955590-001E-40E1-A0F9-28E7E50779B8}"
EndProject
Project("{FAE04EC0-301F-11D3-BF4B-00C04F79EFBC}") = "04FileAPath", "04Path\04FileAPath.csproj", "{1596024D-838F-492E-B1AA-770682513999}"
EndProject
Project("{FAE04EC0-301F-11D3-BF4B-00C04F79EFBC}") = "05编码使用", "05编码使用\05编码使用.csproj", "{C340D617-7C98-45FD-890E-3E4400B999A6}"
EndProject
Project("{FAE04EC0-301F-11D3-BF4B-00C04F79EFBC}") = "08List泛型集合", "08List泛型集合\08List泛型集合.csproj", "{61B7CC3F-4568-44EF-8DCB-0911368EA148}"
EndProject
Project("{FAE04EC0-301F-11D3-BF4B-00C04F79EFBC}") = "09装箱和拆箱", "09装箱和拆箱\09装箱和拆箱.csproj", "{C2166A3E-013E-4DC8-8F5D-CBB4B50E1396}"
EndProject
Project("{FAE04EC0-301F-11D3-BF4B-00C04F79EFBC}") = "10Dictionary", "10Dictionary\10Dictionary.csproj", "{C90B1A04-56F5-4A4A-A5A9-977F5DCC0FBC}"
EndProject
Project("{FAE04EC0-301F-11D3-BF4B-00C04F79EFBC}") = "11FileStream", "11FileStream\11FileStream.csproj", "{B77C507B-9B47-490F-AC91-828D2CA614D7}"
EndProject
Project("{FAE04EC0-301F-11D3-BF4B-00C04F79EFBC}") = "12StreamReadWriter", "12StreamReadWriter\12StreamReadWriter.csproj", "{C33606DB-59BA-4DB0-BE59-4274CCEEC746}"
EndProject
Project("{FAE04EC0-301F-11D3-BF4B-00C04F79EFBC}") = "13面向对象多态Vistual", "13面向对象多态\13面向对象多态Vistual.csproj", "{1AFFAD9B-1F6F-422A-8870-6C42F128B9B3}"
EndProject
Project("{FAE04EC0-301F-11D3-BF4B-00C04F79EFBC}") = "14抽象类", "14抽象类\14抽象类.csproj", "{F499AB83-B30A-4215-88D1-17A1FE34B4B8}"
EndProject
Project("{FAE04EC0-301F-11D3-BF4B-00C04F79EFBC}") = "15抽象类的练习", "15抽象类的特点\15抽象类的练习.csproj", "{1E8A2172-45FD-4A91-B3C7-A8D09BA0AA76}"
EndProject
Project("{FAE04EC0-301F-11D3-BF4B-00C04F79EFBC}") = "16抽象类多态练习_电脑外设", "16电脑外设\16抽象类多态练习_电脑外设.csproj", "{1FE1DCBC-B6C6-429D-BE46-5FF484148EA5}"
EndProject
Project("{FAE04EC0-301F-11D3-BF4B-00C04F79EFBC}") = "17访问修饰符01", "17访问修饰符\17访问修饰符01.csproj", "{1C3C6A40-C122-495F-A551-CF07E6FCBF6D}"
EndProject
Project("{FAE04EC0-301F-11D3-BF4B-00C04F79EFBC}") = "17访问修饰符02", "17访问修饰符02\17访问修饰符02.csproj", "{EF4608E8-C607-48BF-B8DA-4730FA2CF629}"
EndProject
Project("{FAE04EC0-301F-11D3-BF4B-00C04F79EFBC}") = "18简单工厂模式示例", "18简单工厂模式示例\18简单工厂模式示例.csproj", "{7681DA8E-78BB-43D5-8481-6AF1A77A24E8}"
EndProject
Project("{FAE04EC0-301F-11D3-BF4B-00C04F79EFBC}") = "19值类型和引用类型", "19值类型和引用类型\19值类型和引用类型.csproj", "{10F53156-6C49-4D79-A3ED-EF740D0CC9A6}"
EndProject
Project("{FAE04EC0-301F-11D3-BF4B-00C04F79EFBC}") = "20序列化与反序列化", "20序列化与反序列化\20序列化与反序列化.csproj", "{413A16E9-4D44-4EBE-A407-1C1A7E7BF5D0}"
EndProject
Project("{FAE04EC0-301F-11D3-BF4B-00C04F79EFBC}") = "21接口", "21接口\21接口.csproj", "{7D746A12-88ED-4B5C-87E7-66ED39BCAA20}"
EndProject
Project("{FAE04EC0-301F-11D3-BF4B-00C04F79EFBC}") = "21部分类和密封类", "21部分类\21部分类和密封类.csproj", "{045A15B2-E6F9-4DE4-A6BB-5470496FCA72}"
EndProject
Project("{FAE04EC0-301F-11D3-BF4B-00C04F79EFBC}") = "22接口联系1", "22接口联系\22接口联系1.csproj", "{40FB5A8F-EFD9-4A65-94A9-076DF3499F66}"
EndProject
Project("{FAE04EC0-301F-11D3-BF4B-00C04F79EFBC}") = "23接口练习2", "23接口练习\23接口练习2.csproj", "{B02B9E8C-0E9A-48D2-80EC-35C6C648BA56}"
EndProject
Project("{FAE04EC0-301F-11D3-BF4B-00C04F79EFBC}") = "24收银台", "24收银台\24收银台.csproj", "{5A0522C6-B466-4DCF-A161-A1F88356B1DF}"
EndProject
Project("{2150E333-8FDC-42A3-9474-1A3956D46DE8}") = "DOT基础排盲", "DOT基础排盲", "{EDFD90A0-A674-4D38-A763-7EDC02C8B25A}"
EndProject
Project("{2150E333-8FDC-42A3-9474-1A3956D46DE8}") = "Winform教程", "Winform教程", "{453BA11B-2DB9-4B8A-A76F-BA95F396A03F}"
EndProject
Project("{FAE04EC0-301F-11D3-BF4B-00C04F79EFBC}") = "25MD5加密", "25MD5加密\25MD5加密.csproj", "{955D04FC-4701-4DE1-8DB5-4FD85288EBB7}"
EndProject
Project("{FAE04EC0-301F-11D3-BF4B-00C04F79EFBC}") = "01WinForm", "01WinForm\01WinForm.csproj", "{0A3DC790-A2AC-4889-846D-3180B686EE72}"
EndProject
Project("{FAE04EC0-301F-11D3-BF4B-00C04F79EFBC}") = "02TextBoxDLabel", "01TextBoxDLabel\02TextBoxDLabel.csproj", "{43BF0980-8543-4B14-A931-D5CC1C3D3691}"
EndProject
Project("{FAE04EC0-301F-11D3-BF4B-00C04F79EFBC}") = "03单选和多选按钮", "03单选和多选按钮\03单选和多选按钮.csproj", "{1081F4E5-39A9-453B-B3D4-189110B9C3BF}"
EndProject
Project("{FAE04EC0-301F-11D3-BF4B-00C04F79EFBC}") = "04MDI窗体设计", "04MDI窗体设计\04MDI窗体设计.csproj", "{DEC9559D-9075-44D9-B1D5-853B7EC9A0DA}"
EndProject
Project("{FAE04EC0-301F-11D3-BF4B-00C04F79EFBC}") = "05PictureBox", "05PictureBox\05PictureBox.csproj", "{FEB72625-369C-4E89-A7B7-9B809F85EE4D}"
EndProject
Project("{FAE04EC0-301F-11D3-BF4B-00C04F79EFBC}") = "06DirectoryWebrower", "06Directory\06DirectoryWebrower.csproj", "{F613A249-D290-4A45-A822-EAB6C4715AD1}"
EndProject
Project("{FAE04EC0-301F-11D3-BF4B-00C04F79EFBC}") = "07DatePicker", "07DatePicker\07DatePicker.csproj", "{A8C9AAF3-F4AA-40E2-ACA3-D9980286B93A}"
EndProject
Project("{FAE04EC0-301F-11D3-BF4B-00C04F79EFBC}") = "08SaveOpenDialog", "08SaveOpenDialog\08SaveOpenDialog.csproj", "{001D4ED7-309F-43FA-BC92-20BA8527C75C}"
EndProject
Project("{FAE04EC0-301F-11D3-BF4B-00C04F79EFBC}") = "09字体和颜色", "09字体和颜色\09字体和颜色.csproj", "{71615430-1D77-4BCA-BDD2-5B0A7269A355}"
EndProject
Project("{FAE04EC0-301F-11D3-BF4B-00C04F79EFBC}") = "10Panel文本应用程序", "10Panel的使用\10Panel文本应用程序.csproj", "{22EB5EAE-CA4F-4CC5-8180-FA5D02A9CDD0}"
EndProject
Project("{FAE04EC0-301F-11D3-BF4B-00C04F79EFBC}") = "11进程概念", "11进程概念\11进程概念.csproj", "{201BA5B8-F93A-4C64-953C-E15F86399EA1}"
EndProject
Project("{FAE04EC0-301F-11D3-BF4B-00C04F79EFBC}") = "12多线程概念", "12多线程概念\12多线程概念.csproj", "{898EFAE0-F4CD-4E02-AEA7-EFD423381EEC}"
EndProject
Project("{2150E333-8FDC-42A3-9474-1A3956D46DE8}") = "Bootstrap", "Bootstrap", "{8C72C729-7B56-4D72-BAF8-07376D0BB87B}"
EndProject
Project("{FAE04EC0-301F-11D3-BF4B-00C04F79EFBC}") = "Bootstrap", "Bootstrap\Bootstrap.csproj", "{255B79D7-FAE3-42CB-8B2B-FF1D9D494527}"
EndProject
Project("{FAE04EC0-301F-11D3-BF4B-00C04F79EFBC}") = "13Socket网络编程", "13Socket网络编程\13Socket网络编程.csproj", "{9710FA31-4733-4A12-B4F3-7DAC291CB01A}"
EndProject
Project("{FAE04EC0-301F-11D3-BF4B-00C04F79EFBC}") = "14SocketClient", "14SocketClient\14SocketClient.csproj", "{06CE08B8-7F94-4F55-B253-049E25D6A385}"
EndProject
Project("{FAE04EC0-301F-11D3-BF4B-00C04F79EFBC}") = "15GDI验证码", "15GDI+\15GDI验证码.csproj", "{82238825-BBD3-415E-B972-676F7D7723D5}"
EndProject
Project("{2150E333-8FDC-42A3-9474-1A3956D46DE8}") = "HTMLCSS", "HTMLCSS", "{CF048A51-ADFC-41CE-B389-16C974F4D6DF}"
EndProject
Project("{FAE04EC0-301F-11D3-BF4B-00C04F79EFBC}") = "01HTMLCSS", "01HTMLCSS\01HTMLCSS.csproj", "{84E126CD-523A-41D4-AF89-91CB0BC3445A}"
EndProject
Project("{2150E333-8FDC-42A3-9474-1A3956D46DE8}") = "CSharp设计模式", "CSharp设计模式", "{834BDB24-DBFA-465C-A039-A9755E5798AF}"
EndProject
Project("{FAE04EC0-301F-11D3-BF4B-00C04F79EFBC}") = "01单件模式", "01单件模式\01单件模式.csproj", "{30C9E08A-7A21-4F8D-8EAE-A34D5EEE2EBE}"
EndProject
Project("{FAE04EC0-301F-11D3-BF4B-00C04F79EFBC}") = "26XML文件", "02XML文件\26XML文件.csproj", "{85119ABB-4A69-4015-8020-E9C215230085}"
EndProject
Project("{FAE04EC0-301F-11D3-BF4B-00C04F79EFBC}") = "27委托", "27委托\27委托.csproj", "{AAB463EF-ACA3-43AB-B6B7-A21799C5947A}"
EndProject
Project("{FAE04EC0-301F-11D3-BF4B-00C04F79EFBC}") = "28Lamda(匿名函数)", "28Lamda(匿名函数)\28Lamda(匿名函数).csproj", "{E74471B9-CDDB-43A8-A0B7-140C9F8893CD}"
EndProject
Project("{FAE04EC0-301F-11D3-BF4B-00C04F79EFBC}") = "29委托窗体传值（多播委托）", "29委托窗体传值\29委托窗体传值（多播委托）.csproj", "{7A74578B-561E-415C-81DB-EA4FC6D48F1D}"
EndProject
Project("{2150E333-8FDC-42A3-9474-1A3956D46DE8}") = "JavaScript", "JavaScript", "{F5C8EAFA-E3F8-4C68-A713-4F6AE5BE16DA}"
EndProject
Project("{FAE04EC0-301F-11D3-BF4B-00C04F79EFBC}") = "WebJavaScript", "WebJavaScript\WebJavaScript.csproj", "{E11BD033-716A-4128-8EC7-F1B760376E12}"
EndProject
Project("{2150E333-8FDC-42A3-9474-1A3956D46DE8}") = "ASPNET", "ASPNET", "{5E99A5C5-C70A-4B2B-B74E-8ED99AB9A76D}"
EndProject
Project("{FAE04EC0-301F-11D3-BF4B-00C04F79EFBC}") = "ASPNETWeb", "ASPNETWeb\ASPNETWeb.csproj", "{DD5696FE-571C-4C0F-BF12-D8A80C782068}"
EndProject
Global
	GlobalSection(SolutionConfigurationPlatforms) = preSolution
		Debug|Any CPU = Debug|Any CPU
		Release|Any CPU = Release|Any CPU
	EndGlobalSection
	GlobalSection(ProjectConfigurationPlatforms) = postSolution
		{FF9148EC-35F7-4411-A54F-5C5B3A89DED8}.Debug|Any CPU.ActiveCfg = Debug|Any CPU
		{FF9148EC-35F7-4411-A54F-5C5B3A89DED8}.Debug|Any CPU.Build.0 = Debug|Any CPU
		{FF9148EC-35F7-4411-A54F-5C5B3A89DED8}.Release|Any CPU.ActiveCfg = Release|Any CPU
		{FF9148EC-35F7-4411-A54F-5C5B3A89DED8}.Release|Any CPU.Build.0 = Release|Any CPU
		{5CE24FA1-AE74-49A7-9134-4482A5C9189D}.Debug|Any CPU.ActiveCfg = Debug|Any CPU
		{5CE24FA1-AE74-49A7-9134-4482A5C9189D}.Debug|Any CPU.Build.0 = Debug|Any CPU
		{5CE24FA1-AE74-49A7-9134-4482A5C9189D}.Release|Any CPU.ActiveCfg = Release|Any CPU
		{5CE24FA1-AE74-49A7-9134-4482A5C9189D}.Release|Any CPU.Build.0 = Release|Any CPU
		{B4AA25F5-3319-4E6D-B3BF-C2A7DF301845}.Debug|Any CPU.ActiveCfg = Debug|Any CPU
		{B4AA25F5-3319-4E6D-B3BF-C2A7DF301845}.Debug|Any CPU.Build.0 = Debug|Any CPU
		{B4AA25F5-3319-4E6D-B3BF-C2A7DF301845}.Release|Any CPU.ActiveCfg = Release|Any CPU
		{B4AA25F5-3319-4E6D-B3BF-C2A7DF301845}.Release|Any CPU.Build.0 = Release|Any CPU
		{E7F263A9-5AE0-478F-92E9-7FAD1EE44262}.Debug|Any CPU.ActiveCfg = Debug|Any CPU
		{E7F263A9-5AE0-478F-92E9-7FAD1EE44262}.Debug|Any CPU.Build.0 = Debug|Any CPU
		{E7F263A9-5AE0-478F-92E9-7FAD1EE44262}.Release|Any CPU.ActiveCfg = Release|Any CPU
		{E7F263A9-5AE0-478F-92E9-7FAD1EE44262}.Release|Any CPU.Build.0 = Release|Any CPU
		{BD955590-001E-40E1-A0F9-28E7E50779B8}.Debug|Any CPU.ActiveCfg = Debug|Any CPU
		{BD955590-001E-40E1-A0F9-28E7E50779B8}.Debug|Any CPU.Build.0 = Debug|Any CPU
		{BD955590-001E-40E1-A0F9-28E7E50779B8}.Release|Any CPU.ActiveCfg = Release|Any CPU
		{BD955590-001E-40E1-A0F9-28E7E50779B8}.Release|Any CPU.Build.0 = Release|Any CPU
		{1596024D-838F-492E-B1AA-770682513999}.Debug|Any CPU.ActiveCfg = Debug|Any CPU
		{1596024D-838F-492E-B1AA-770682513999}.Debug|Any CPU.Build.0 = Debug|Any CPU
		{1596024D-838F-492E-B1AA-770682513999}.Release|Any CPU.ActiveCfg = Release|Any CPU
		{1596024D-838F-492E-B1AA-770682513999}.Release|Any CPU.Build.0 = Release|Any CPU
		{C340D617-7C98-45FD-890E-3E4400B999A6}.Debug|Any CPU.ActiveCfg = Debug|Any CPU
		{C340D617-7C98-45FD-890E-3E4400B999A6}.Debug|Any CPU.Build.0 = Debug|Any CPU
		{C340D617-7C98-45FD-890E-3E4400B999A6}.Release|Any CPU.ActiveCfg = Release|Any CPU
		{C340D617-7C98-45FD-890E-3E4400B999A6}.Release|Any CPU.Build.0 = Release|Any CPU
		{61B7CC3F-4568-44EF-8DCB-0911368EA148}.Debug|Any CPU.ActiveCfg = Debug|Any CPU
		{61B7CC3F-4568-44EF-8DCB-0911368EA148}.Debug|Any CPU.Build.0 = Debug|Any CPU
		{61B7CC3F-4568-44EF-8DCB-0911368EA148}.Release|Any CPU.ActiveCfg = Release|Any CPU
		{61B7CC3F-4568-44EF-8DCB-0911368EA148}.Release|Any CPU.Build.0 = Release|Any CPU
		{C2166A3E-013E-4DC8-8F5D-CBB4B50E1396}.Debug|Any CPU.ActiveCfg = Debug|Any CPU
		{C2166A3E-013E-4DC8-8F5D-CBB4B50E1396}.Debug|Any CPU.Build.0 = Debug|Any CPU
		{C2166A3E-013E-4DC8-8F5D-CBB4B50E1396}.Release|Any CPU.ActiveCfg = Release|Any CPU
		{C2166A3E-013E-4DC8-8F5D-CBB4B50E1396}.Release|Any CPU.Build.0 = Release|Any CPU
		{C90B1A04-56F5-4A4A-A5A9-977F5DCC0FBC}.Debug|Any CPU.ActiveCfg = Debug|Any CPU
		{C90B1A04-56F5-4A4A-A5A9-977F5DCC0FBC}.Debug|Any CPU.Build.0 = Debug|Any CPU
		{C90B1A04-56F5-4A4A-A5A9-977F5DCC0FBC}.Release|Any CPU.ActiveCfg = Release|Any CPU
		{C90B1A04-56F5-4A4A-A5A9-977F5DCC0FBC}.Release|Any CPU.Build.0 = Release|Any CPU
		{B77C507B-9B47-490F-AC91-828D2CA614D7}.Debug|Any CPU.ActiveCfg = Debug|Any CPU
		{B77C507B-9B47-490F-AC91-828D2CA614D7}.Debug|Any CPU.Build.0 = Debug|Any CPU
		{B77C507B-9B47-490F-AC91-828D2CA614D7}.Release|Any CPU.ActiveCfg = Release|Any CPU
		{B77C507B-9B47-490F-AC91-828D2CA614D7}.Release|Any CPU.Build.0 = Release|Any CPU
		{C33606DB-59BA-4DB0-BE59-4274CCEEC746}.Debug|Any CPU.ActiveCfg = Debug|Any CPU
		{C33606DB-59BA-4DB0-BE59-4274CCEEC746}.Debug|Any CPU.Build.0 = Debug|Any CPU
		{C33606DB-59BA-4DB0-BE59-4274CCEEC746}.Release|Any CPU.ActiveCfg = Release|Any CPU
		{C33606DB-59BA-4DB0-BE59-4274CCEEC746}.Release|Any CPU.Build.0 = Release|Any CPU
		{1AFFAD9B-1F6F-422A-8870-6C42F128B9B3}.Debug|Any CPU.ActiveCfg = Debug|Any CPU
		{1AFFAD9B-1F6F-422A-8870-6C42F128B9B3}.Debug|Any CPU.Build.0 = Debug|Any CPU
		{1AFFAD9B-1F6F-422A-8870-6C42F128B9B3}.Release|Any CPU.ActiveCfg = Release|Any CPU
		{1AFFAD9B-1F6F-422A-8870-6C42F128B9B3}.Release|Any CPU.Build.0 = Release|Any CPU
		{F499AB83-B30A-4215-88D1-17A1FE34B4B8}.Debug|Any CPU.ActiveCfg = Debug|Any CPU
		{F499AB83-B30A-4215-88D1-17A1FE34B4B8}.Debug|Any CPU.Build.0 = Debug|Any CPU
		{F499AB83-B30A-4215-88D1-17A1FE34B4B8}.Release|Any CPU.ActiveCfg = Release|Any CPU
		{F499AB83-B30A-4215-88D1-17A1FE34B4B8}.Release|Any CPU.Build.0 = Release|Any CPU
		{1E8A2172-45FD-4A91-B3C7-A8D09BA0AA76}.Debug|Any CPU.ActiveCfg = Debug|Any CPU
		{1E8A2172-45FD-4A91-B3C7-A8D09BA0AA76}.Debug|Any CPU.Build.0 = Debug|Any CPU
		{1E8A2172-45FD-4A91-B3C7-A8D09BA0AA76}.Release|Any CPU.ActiveCfg = Release|Any CPU
		{1E8A2172-45FD-4A91-B3C7-A8D09BA0AA76}.Release|Any CPU.Build.0 = Release|Any CPU
		{1FE1DCBC-B6C6-429D-BE46-5FF484148EA5}.Debug|Any CPU.ActiveCfg = Debug|Any CPU
		{1FE1DCBC-B6C6-429D-BE46-5FF484148EA5}.Debug|Any CPU.Build.0 = Debug|Any CPU
		{1FE1DCBC-B6C6-429D-BE46-5FF484148EA5}.Release|Any CPU.ActiveCfg = Release|Any CPU
		{1FE1DCBC-B6C6-429D-BE46-5FF484148EA5}.Release|Any CPU.Build.0 = Release|Any CPU
		{1C3C6A40-C122-495F-A551-CF07E6FCBF6D}.Debug|Any CPU.ActiveCfg = Debug|Any CPU
		{1C3C6A40-C122-495F-A551-CF07E6FCBF6D}.Debug|Any CPU.Build.0 = Debug|Any CPU
		{1C3C6A40-C122-495F-A551-CF07E6FCBF6D}.Release|Any CPU.ActiveCfg = Release|Any CPU
		{1C3C6A40-C122-495F-A551-CF07E6FCBF6D}.Release|Any CPU.Build.0 = Release|Any CPU
		{EF4608E8-C607-48BF-B8DA-4730FA2CF629}.Debug|Any CPU.ActiveCfg = Debug|Any CPU
		{EF4608E8-C607-48BF-B8DA-4730FA2CF629}.Debug|Any CPU.Build.0 = Debug|Any CPU
		{EF4608E8-C607-48BF-B8DA-4730FA2CF629}.Release|Any CPU.ActiveCfg = Release|Any CPU
		{EF4608E8-C607-48BF-B8DA-4730FA2CF629}.Release|Any CPU.Build.0 = Release|Any CPU
		{7681DA8E-78BB-43D5-8481-6AF1A77A24E8}.Debug|Any CPU.ActiveCfg = Debug|Any CPU
		{7681DA8E-78BB-43D5-8481-6AF1A77A24E8}.Debug|Any CPU.Build.0 = Debug|Any CPU
		{7681DA8E-78BB-43D5-8481-6AF1A77A24E8}.Release|Any CPU.ActiveCfg = Release|Any CPU
		{7681DA8E-78BB-43D5-8481-6AF1A77A24E8}.Release|Any CPU.Build.0 = Release|Any CPU
		{10F53156-6C49-4D79-A3ED-EF740D0CC9A6}.Debug|Any CPU.ActiveCfg = Debug|Any CPU
		{10F53156-6C49-4D79-A3ED-EF740D0CC9A6}.Debug|Any CPU.Build.0 = Debug|Any CPU
		{10F53156-6C49-4D79-A3ED-EF740D0CC9A6}.Release|Any CPU.ActiveCfg = Release|Any CPU
		{10F53156-6C49-4D79-A3ED-EF740D0CC9A6}.Release|Any CPU.Build.0 = Release|Any CPU
		{413A16E9-4D44-4EBE-A407-1C1A7E7BF5D0}.Debug|Any CPU.ActiveCfg = Debug|Any CPU
		{413A16E9-4D44-4EBE-A407-1C1A7E7BF5D0}.Debug|Any CPU.Build.0 = Debug|Any CPU
		{413A16E9-4D44-4EBE-A407-1C1A7E7BF5D0}.Release|Any CPU.ActiveCfg = Release|Any CPU
		{413A16E9-4D44-4EBE-A407-1C1A7E7BF5D0}.Release|Any CPU.Build.0 = Release|Any CPU
		{7D746A12-88ED-4B5C-87E7-66ED39BCAA20}.Debug|Any CPU.ActiveCfg = Debug|Any CPU
		{7D746A12-88ED-4B5C-87E7-66ED39BCAA20}.Debug|Any CPU.Build.0 = Debug|Any CPU
		{7D746A12-88ED-4B5C-87E7-66ED39BCAA20}.Release|Any CPU.ActiveCfg = Release|Any CPU
		{7D746A12-88ED-4B5C-87E7-66ED39BCAA20}.Release|Any CPU.Build.0 = Release|Any CPU
		{045A15B2-E6F9-4DE4-A6BB-5470496FCA72}.Debug|Any CPU.ActiveCfg = Debug|Any CPU
		{045A15B2-E6F9-4DE4-A6BB-5470496FCA72}.Debug|Any CPU.Build.0 = Debug|Any CPU
		{045A15B2-E6F9-4DE4-A6BB-5470496FCA72}.Release|Any CPU.ActiveCfg = Release|Any CPU
		{045A15B2-E6F9-4DE4-A6BB-5470496FCA72}.Release|Any CPU.Build.0 = Release|Any CPU
		{40FB5A8F-EFD9-4A65-94A9-076DF3499F66}.Debug|Any CPU.ActiveCfg = Debug|Any CPU
		{40FB5A8F-EFD9-4A65-94A9-076DF3499F66}.Debug|Any CPU.Build.0 = Debug|Any CPU
		{40FB5A8F-EFD9-4A65-94A9-076DF3499F66}.Release|Any CPU.ActiveCfg = Release|Any CPU
		{40FB5A8F-EFD9-4A65-94A9-076DF3499F66}.Release|Any CPU.Build.0 = Release|Any CPU
		{B02B9E8C-0E9A-48D2-80EC-35C6C648BA56}.Debug|Any CPU.ActiveCfg = Debug|Any CPU
		{B02B9E8C-0E9A-48D2-80EC-35C6C648BA56}.Debug|Any CPU.Build.0 = Debug|Any CPU
		{B02B9E8C-0E9A-48D2-80EC-35C6C648BA56}.Release|Any CPU.ActiveCfg = Release|Any CPU
		{B02B9E8C-0E9A-48D2-80EC-35C6C648BA56}.Release|Any CPU.Build.0 = Release|Any CPU
		{5A0522C6-B466-4DCF-A161-A1F88356B1DF}.Debug|Any CPU.ActiveCfg = Debug|Any CPU
		{5A0522C6-B466-4DCF-A161-A1F88356B1DF}.Debug|Any CPU.Build.0 = Debug|Any CPU
		{5A0522C6-B466-4DCF-A161-A1F88356B1DF}.Release|Any CPU.ActiveCfg = Release|Any CPU
		{5A0522C6-B466-4DCF-A161-A1F88356B1DF}.Release|Any CPU.Build.0 = Release|Any CPU
		{955D04FC-4701-4DE1-8DB5-4FD85288EBB7}.Debug|Any CPU.ActiveCfg = Debug|Any CPU
		{955D04FC-4701-4DE1-8DB5-4FD85288EBB7}.Debug|Any CPU.Build.0 = Debug|Any CPU
		{955D04FC-4701-4DE1-8DB5-4FD85288EBB7}.Release|Any CPU.ActiveCfg = Release|Any CPU
		{955D04FC-4701-4DE1-8DB5-4FD85288EBB7}.Release|Any CPU.Build.0 = Release|Any CPU
		{0A3DC790-A2AC-4889-846D-3180B686EE72}.Debug|Any CPU.ActiveCfg = Debug|Any CPU
		{0A3DC790-A2AC-4889-846D-3180B686EE72}.Debug|Any CPU.Build.0 = Debug|Any CPU
		{0A3DC790-A2AC-4889-846D-3180B686EE72}.Release|Any CPU.ActiveCfg = Release|Any CPU
		{0A3DC790-A2AC-4889-846D-3180B686EE72}.Release|Any CPU.Build.0 = Release|Any CPU
		{43BF0980-8543-4B14-A931-D5CC1C3D3691}.Debug|Any CPU.ActiveCfg = Debug|Any CPU
		{43BF0980-8543-4B14-A931-D5CC1C3D3691}.Debug|Any CPU.Build.0 = Debug|Any CPU
		{43BF0980-8543-4B14-A931-D5CC1C3D3691}.Release|Any CPU.ActiveCfg = Release|Any CPU
		{43BF0980-8543-4B14-A931-D5CC1C3D3691}.Release|Any CPU.Build.0 = Release|Any CPU
		{1081F4E5-39A9-453B-B3D4-189110B9C3BF}.Debug|Any CPU.ActiveCfg = Debug|Any CPU
		{1081F4E5-39A9-453B-B3D4-189110B9C3BF}.Debug|Any CPU.Build.0 = Debug|Any CPU
		{1081F4E5-39A9-453B-B3D4-189110B9C3BF}.Release|Any CPU.ActiveCfg = Release|Any CPU
		{1081F4E5-39A9-453B-B3D4-189110B9C3BF}.Release|Any CPU.Build.0 = Release|Any CPU
		{DEC9559D-9075-44D9-B1D5-853B7EC9A0DA}.Debug|Any CPU.ActiveCfg = Debug|Any CPU
		{DEC9559D-9075-44D9-B1D5-853B7EC9A0DA}.Debug|Any CPU.Build.0 = Debug|Any CPU
		{DEC9559D-9075-44D9-B1D5-853B7EC9A0DA}.Release|Any CPU.ActiveCfg = Release|Any CPU
		{DEC9559D-9075-44D9-B1D5-853B7EC9A0DA}.Release|Any CPU.Build.0 = Release|Any CPU
		{FEB72625-369C-4E89-A7B7-9B809F85EE4D}.Debug|Any CPU.ActiveCfg = Debug|Any CPU
		{FEB72625-369C-4E89-A7B7-9B809F85EE4D}.Debug|Any CPU.Build.0 = Debug|Any CPU
		{FEB72625-369C-4E89-A7B7-9B809F85EE4D}.Release|Any CPU.ActiveCfg = Release|Any CPU
		{FEB72625-369C-4E89-A7B7-9B809F85EE4D}.Release|Any CPU.Build.0 = Release|Any CPU
		{F613A249-D290-4A45-A822-EAB6C4715AD1}.Debug|Any CPU.ActiveCfg = Debug|Any CPU
		{F613A249-D290-4A45-A822-EAB6C4715AD1}.Debug|Any CPU.Build.0 = Debug|Any CPU
		{F613A249-D290-4A45-A822-EAB6C4715AD1}.Release|Any CPU.ActiveCfg = Release|Any CPU
		{F613A249-D290-4A45-A822-EAB6C4715AD1}.Release|Any CPU.Build.0 = Release|Any CPU
		{A8C9AAF3-F4AA-40E2-ACA3-D9980286B93A}.Debug|Any CPU.ActiveCfg = Debug|Any CPU
		{A8C9AAF3-F4AA-40E2-ACA3-D9980286B93A}.Debug|Any CPU.Build.0 = Debug|Any CPU
		{A8C9AAF3-F4AA-40E2-ACA3-D9980286B93A}.Release|Any CPU.ActiveCfg = Release|Any CPU
		{A8C9AAF3-F4AA-40E2-ACA3-D9980286B93A}.Release|Any CPU.Build.0 = Release|Any CPU
		{001D4ED7-309F-43FA-BC92-20BA8527C75C}.Debug|Any CPU.ActiveCfg = Debug|Any CPU
		{001D4ED7-309F-43FA-BC92-20BA8527C75C}.Debug|Any CPU.Build.0 = Debug|Any CPU
		{001D4ED7-309F-43FA-BC92-20BA8527C75C}.Release|Any CPU.ActiveCfg = Release|Any CPU
		{001D4ED7-309F-43FA-BC92-20BA8527C75C}.Release|Any CPU.Build.0 = Release|Any CPU
		{71615430-1D77-4BCA-BDD2-5B0A7269A355}.Debug|Any CPU.ActiveCfg = Debug|Any CPU
		{71615430-1D77-4BCA-BDD2-5B0A7269A355}.Debug|Any CPU.Build.0 = Debug|Any CPU
		{71615430-1D77-4BCA-BDD2-5B0A7269A355}.Release|Any CPU.ActiveCfg = Release|Any CPU
		{71615430-1D77-4BCA-BDD2-5B0A7269A355}.Release|Any CPU.Build.0 = Release|Any CPU
		{22EB5EAE-CA4F-4CC5-8180-FA5D02A9CDD0}.Debug|Any CPU.ActiveCfg = Debug|Any CPU
		{22EB5EAE-CA4F-4CC5-8180-FA5D02A9CDD0}.Debug|Any CPU.Build.0 = Debug|Any CPU
		{22EB5EAE-CA4F-4CC5-8180-FA5D02A9CDD0}.Release|Any CPU.ActiveCfg = Release|Any CPU
		{22EB5EAE-CA4F-4CC5-8180-FA5D02A9CDD0}.Release|Any CPU.Build.0 = Release|Any CPU
		{201BA5B8-F93A-4C64-953C-E15F86399EA1}.Debug|Any CPU.ActiveCfg = Debug|Any CPU
		{201BA5B8-F93A-4C64-953C-E15F86399EA1}.Debug|Any CPU.Build.0 = Debug|Any CPU
		{201BA5B8-F93A-4C64-953C-E15F86399EA1}.Release|Any CPU.ActiveCfg = Release|Any CPU
		{201BA5B8-F93A-4C64-953C-E15F86399EA1}.Release|Any CPU.Build.0 = Release|Any CPU
		{898EFAE0-F4CD-4E02-AEA7-EFD423381EEC}.Debug|Any CPU.ActiveCfg = Debug|Any CPU
		{898EFAE0-F4CD-4E02-AEA7-EFD423381EEC}.Debug|Any CPU.Build.0 = Debug|Any CPU
		{898EFAE0-F4CD-4E02-AEA7-EFD423381EEC}.Release|Any CPU.ActiveCfg = Release|Any CPU
		{898EFAE0-F4CD-4E02-AEA7-EFD423381EEC}.Release|Any CPU.Build.0 = Release|Any CPU
		{255B79D7-FAE3-42CB-8B2B-FF1D9D494527}.Debug|Any CPU.ActiveCfg = Debug|Any CPU
		{255B79D7-FAE3-42CB-8B2B-FF1D9D494527}.Debug|Any CPU.Build.0 = Debug|Any CPU
		{255B79D7-FAE3-42CB-8B2B-FF1D9D494527}.Release|Any CPU.ActiveCfg = Release|Any CPU
		{255B79D7-FAE3-42CB-8B2B-FF1D9D494527}.Release|Any CPU.Build.0 = Release|Any CPU
		{9710FA31-4733-4A12-B4F3-7DAC291CB01A}.Debug|Any CPU.ActiveCfg = Debug|Any CPU
		{9710FA31-4733-4A12-B4F3-7DAC291CB01A}.Debug|Any CPU.Build.0 = Debug|Any CPU
		{9710FA31-4733-4A12-B4F3-7DAC291CB01A}.Release|Any CPU.ActiveCfg = Release|Any CPU
		{9710FA31-4733-4A12-B4F3-7DAC291CB01A}.Release|Any CPU.Build.0 = Release|Any CPU
		{06CE08B8-7F94-4F55-B253-049E25D6A385}.Debug|Any CPU.ActiveCfg = Debug|Any CPU
		{06CE08B8-7F94-4F55-B253-049E25D6A385}.Debug|Any CPU.Build.0 = Debug|Any CPU
		{06CE08B8-7F94-4F55-B253-049E25D6A385}.Release|Any CPU.ActiveCfg = Release|Any CPU
		{06CE08B8-7F94-4F55-B253-049E25D6A385}.Release|Any CPU.Build.0 = Release|Any CPU
		{82238825-BBD3-415E-B972-676F7D7723D5}.Debug|Any CPU.ActiveCfg = Debug|Any CPU
		{82238825-BBD3-415E-B972-676F7D7723D5}.Debug|Any CPU.Build.0 = Debug|Any CPU
		{82238825-BBD3-415E-B972-676F7D7723D5}.Release|Any CPU.ActiveCfg = Release|Any CPU
		{82238825-BBD3-415E-B972-676F7D7723D5}.Release|Any CPU.Build.0 = Release|Any CPU
		{84E126CD-523A-41D4-AF89-91CB0BC3445A}.Debug|Any CPU.ActiveCfg = Debug|Any CPU
		{84E126CD-523A-41D4-AF89-91CB0BC3445A}.Debug|Any CPU.Build.0 = Debug|Any CPU
		{84E126CD-523A-41D4-AF89-91CB0BC3445A}.Release|Any CPU.ActiveCfg = Release|Any CPU
		{84E126CD-523A-41D4-AF89-91CB0BC3445A}.Release|Any CPU.Build.0 = Release|Any CPU
		{30C9E08A-7A21-4F8D-8EAE-A34D5EEE2EBE}.Debug|Any CPU.ActiveCfg = Debug|Any CPU
		{30C9E08A-7A21-4F8D-8EAE-A34D5EEE2EBE}.Debug|Any CPU.Build.0 = Debug|Any CPU
		{30C9E08A-7A21-4F8D-8EAE-A34D5EEE2EBE}.Release|Any CPU.ActiveCfg = Release|Any CPU
		{30C9E08A-7A21-4F8D-8EAE-A34D5EEE2EBE}.Release|Any CPU.Build.0 = Release|Any CPU
		{85119ABB-4A69-4015-8020-E9C215230085}.Debug|Any CPU.ActiveCfg = Debug|Any CPU
		{85119ABB-4A69-4015-8020-E9C215230085}.Debug|Any CPU.Build.0 = Debug|Any CPU
		{85119ABB-4A69-4015-8020-E9C215230085}.Release|Any CPU.ActiveCfg = Release|Any CPU
		{85119ABB-4A69-4015-8020-E9C215230085}.Release|Any CPU.Build.0 = Release|Any CPU
		{AAB463EF-ACA3-43AB-B6B7-A21799C5947A}.Debug|Any CPU.ActiveCfg = Debug|Any CPU
		{AAB463EF-ACA3-43AB-B6B7-A21799C5947A}.Debug|Any CPU.Build.0 = Debug|Any CPU
		{AAB463EF-ACA3-43AB-B6B7-A21799C5947A}.Release|Any CPU.ActiveCfg = Release|Any CPU
		{AAB463EF-ACA3-43AB-B6B7-A21799C5947A}.Release|Any CPU.Build.0 = Release|Any CPU
		{E74471B9-CDDB-43A8-A0B7-140C9F8893CD}.Debug|Any CPU.ActiveCfg = Debug|Any CPU
		{E74471B9-CDDB-43A8-A0B7-140C9F8893CD}.Debug|Any CPU.Build.0 = Debug|Any CPU
		{E74471B9-CDDB-43A8-A0B7-140C9F8893CD}.Release|Any CPU.ActiveCfg = Release|Any CPU
		{E74471B9-CDDB-43A8-A0B7-140C9F8893CD}.Release|Any CPU.Build.0 = Release|Any CPU
		{7A74578B-561E-415C-81DB-EA4FC6D48F1D}.Debug|Any CPU.ActiveCfg = Debug|Any CPU
		{7A74578B-561E-415C-81DB-EA4FC6D48F1D}.Debug|Any CPU.Build.0 = Debug|Any CPU
		{7A74578B-561E-415C-81DB-EA4FC6D48F1D}.Release|Any CPU.ActiveCfg = Release|Any CPU
		{7A74578B-561E-415C-81DB-EA4FC6D48F1D}.Release|Any CPU.Build.0 = Release|Any CPU
		{E11BD033-716A-4128-8EC7-F1B760376E12}.Debug|Any CPU.ActiveCfg = Debug|Any CPU
		{E11BD033-716A-4128-8EC7-F1B760376E12}.Debug|Any CPU.Build.0 = Debug|Any CPU
		{E11BD033-716A-4128-8EC7-F1B760376E12}.Release|Any CPU.ActiveCfg = Release|Any CPU
		{E11BD033-716A-4128-8EC7-F1B760376E12}.Release|Any CPU.Build.0 = Release|Any CPU
		{DD5696FE-571C-4C0F-BF12-D8A80C782068}.Debug|Any CPU.ActiveCfg = Debug|Any CPU
		{DD5696FE-571C-4C0F-BF12-D8A80C782068}.Debug|Any CPU.Build.0 = Debug|Any CPU
		{DD5696FE-571C-4C0F-BF12-D8A80C782068}.Release|Any CPU.ActiveCfg = Release|Any CPU
		{DD5696FE-571C-4C0F-BF12-D8A80C782068}.Release|Any CPU.Build.0 = Release|Any CPU
	EndGlobalSection
	GlobalSection(SolutionProperties) = preSolution
		HideSolutionNode = FALSE
	EndGlobalSection
	GlobalSection(NestedProjects) = preSolution
		{5CE24FA1-AE74-49A7-9134-4482A5C9189D} = {EDFD90A0-A674-4D38-A763-7EDC02C8B25A}
		{B4AA25F5-3319-4E6D-B3BF-C2A7DF301845} = {EDFD90A0-A674-4D38-A763-7EDC02C8B25A}
		{E7F263A9-5AE0-478F-92E9-7FAD1EE44262} = {EDFD90A0-A674-4D38-A763-7EDC02C8B25A}
		{BD955590-001E-40E1-A0F9-28E7E50779B8} = {EDFD90A0-A674-4D38-A763-7EDC02C8B25A}
		{1596024D-838F-492E-B1AA-770682513999} = {EDFD90A0-A674-4D38-A763-7EDC02C8B25A}
		{C340D617-7C98-45FD-890E-3E4400B999A6} = {EDFD90A0-A674-4D38-A763-7EDC02C8B25A}
		{61B7CC3F-4568-44EF-8DCB-0911368EA148} = {EDFD90A0-A674-4D38-A763-7EDC02C8B25A}
		{C2166A3E-013E-4DC8-8F5D-CBB4B50E1396} = {EDFD90A0-A674-4D38-A763-7EDC02C8B25A}
		{C90B1A04-56F5-4A4A-A5A9-977F5DCC0FBC} = {EDFD90A0-A674-4D38-A763-7EDC02C8B25A}
		{B77C507B-9B47-490F-AC91-828D2CA614D7} = {EDFD90A0-A674-4D38-A763-7EDC02C8B25A}
		{C33606DB-59BA-4DB0-BE59-4274CCEEC746} = {EDFD90A0-A674-4D38-A763-7EDC02C8B25A}
		{1AFFAD9B-1F6F-422A-8870-6C42F128B9B3} = {EDFD90A0-A674-4D38-A763-7EDC02C8B25A}
		{F499AB83-B30A-4215-88D1-17A1FE34B4B8} = {EDFD90A0-A674-4D38-A763-7EDC02C8B25A}
		{1E8A2172-45FD-4A91-B3C7-A8D09BA0AA76} = {EDFD90A0-A674-4D38-A763-7EDC02C8B25A}
		{1FE1DCBC-B6C6-429D-BE46-5FF484148EA5} = {EDFD90A0-A674-4D38-A763-7EDC02C8B25A}
		{1C3C6A40-C122-495F-A551-CF07E6FCBF6D} = {EDFD90A0-A674-4D38-A763-7EDC02C8B25A}
		{EF4608E8-C607-48BF-B8DA-4730FA2CF629} = {EDFD90A0-A674-4D38-A763-7EDC02C8B25A}
		{7681DA8E-78BB-43D5-8481-6AF1A77A24E8} = {EDFD90A0-A674-4D38-A763-7EDC02C8B25A}
		{10F53156-6C49-4D79-A3ED-EF740D0CC9A6} = {EDFD90A0-A674-4D38-A763-7EDC02C8B25A}
		{413A16E9-4D44-4EBE-A407-1C1A7E7BF5D0} = {EDFD90A0-A674-4D38-A763-7EDC02C8B25A}
		{7D746A12-88ED-4B5C-87E7-66ED39BCAA20} = {EDFD90A0-A674-4D38-A763-7EDC02C8B25A}
		{045A15B2-E6F9-4DE4-A6BB-5470496FCA72} = {EDFD90A0-A674-4D38-A763-7EDC02C8B25A}
		{40FB5A8F-EFD9-4A65-94A9-076DF3499F66} = {EDFD90A0-A674-4D38-A763-7EDC02C8B25A}
		{B02B9E8C-0E9A-48D2-80EC-35C6C648BA56} = {EDFD90A0-A674-4D38-A763-7EDC02C8B25A}
		{5A0522C6-B466-4DCF-A161-A1F88356B1DF} = {EDFD90A0-A674-4D38-A763-7EDC02C8B25A}
		{FF9148EC-35F7-4411-A54F-5C5B3A89DED8} = {EDFD90A0-A674-4D38-A763-7EDC02C8B25A}
		{955D04FC-4701-4DE1-8DB5-4FD85288EBB7} = {EDFD90A0-A674-4D38-A763-7EDC02C8B25A}
		{85119ABB-4A69-4015-8020-E9C215230085} = {EDFD90A0-A674-4D38-A763-7EDC02C8B25A}
		{AAB463EF-ACA3-43AB-B6B7-A21799C5947A} = {EDFD90A0-A674-4D38-A763-7EDC02C8B25A}
		{E74471B9-CDDB-43A8-A0B7-140C9F8893CD} = {EDFD90A0-A674-4D38-A763-7EDC02C8B25A}
		{7A74578B-561E-415C-81DB-EA4FC6D48F1D} = {EDFD90A0-A674-4D38-A763-7EDC02C8B25A}
		{0A3DC790-A2AC-4889-846D-3180B686EE72} = {453BA11B-2DB9-4B8A-A76F-BA95F396A03F}
		{43BF0980-8543-4B14-A931-D5CC1C3D3691} = {453BA11B-2DB9-4B8A-A76F-BA95F396A03F}
		{1081F4E5-39A9-453B-B3D4-189110B9C3BF} = {453BA11B-2DB9-4B8A-A76F-BA95F396A03F}
		{DEC9559D-9075-44D9-B1D5-853B7EC9A0DA} = {453BA11B-2DB9-4B8A-A76F-BA95F396A03F}
		{FEB72625-369C-4E89-A7B7-9B809F85EE4D} = {453BA11B-2DB9-4B8A-A76F-BA95F396A03F}
		{F613A249-D290-4A45-A822-EAB6C4715AD1} = {453BA11B-2DB9-4B8A-A76F-BA95F396A03F}
		{A8C9AAF3-F4AA-40E2-ACA3-D9980286B93A} = {453BA11B-2DB9-4B8A-A76F-BA95F396A03F}
		{001D4ED7-309F-43FA-BC92-20BA8527C75C} = {453BA11B-2DB9-4B8A-A76F-BA95F396A03F}
		{71615430-1D77-4BCA-BDD2-5B0A7269A355} = {453BA11B-2DB9-4B8A-A76F-BA95F396A03F}
		{22EB5EAE-CA4F-4CC5-8180-FA5D02A9CDD0} = {453BA11B-2DB9-4B8A-A76F-BA95F396A03F}
		{201BA5B8-F93A-4C64-953C-E15F86399EA1} = {453BA11B-2DB9-4B8A-A76F-BA95F396A03F}
		{898EFAE0-F4CD-4E02-AEA7-EFD423381EEC} = {453BA11B-2DB9-4B8A-A76F-BA95F396A03F}
		{9710FA31-4733-4A12-B4F3-7DAC291CB01A} = {453BA11B-2DB9-4B8A-A76F-BA95F396A03F}
		{06CE08B8-7F94-4F55-B253-049E25D6A385} = {453BA11B-2DB9-4B8A-A76F-BA95F396A03F}
		{82238825-BBD3-415E-B972-676F7D7723D5} = {453BA11B-2DB9-4B8A-A76F-BA95F396A03F}
		{8C72C729-7B56-4D72-BAF8-07376D0BB87B} = {CF048A51-ADFC-41CE-B389-16C974F4D6DF}
		{84E126CD-523A-41D4-AF89-91CB0BC3445A} = {CF048A51-ADFC-41CE-B389-16C974F4D6DF}
		{255B79D7-FAE3-42CB-8B2B-FF1D9D494527} = {8C72C729-7B56-4D72-BAF8-07376D0BB87B}
		{30C9E08A-7A21-4F8D-8EAE-A34D5EEE2EBE} = {834BDB24-DBFA-465C-A039-A9755E5798AF}
		{E11BD033-716A-4128-8EC7-F1B760376E12} = {F5C8EAFA-E3F8-4C68-A713-4F6AE5BE16DA}
		{DD5696FE-571C-4C0F-BF12-D8A80C782068} = {5E99A5C5-C70A-4B2B-B74E-8ED99AB9A76D}
	EndGlobalSection
EndGlobal
