
Microsoft Visual Studio Solution File, Format Version 12.00
# Visual Studio 2013
VisualStudioVersion = 12.0.21005.1
MinimumVisualStudioVersion = 10.0.40219.1
Project("{FAE04EC0-301F-11D3-BF4B-00C04F79EFBC}") = "07DOTNET基础扫盲", "控制台\07DOTNET基础扫盲.csproj", "{FF9148EC-35F7-4411-A54F-5C5B3A89DED8}"
EndProject
Project("{FAE04EC0-301F-11D3-BF4B-00C04F79EFBC}") = "06继承", "ExtendClass\06继承.csproj", "{5CE24FA1-AE74-49A7-9134-4482A5C9189D}"
EndProject
Project("{FAE04EC0-301F-11D3-BF4B-00C04F79EFBC}") = "01里氏转换", "01里氏转换\01里氏转换.csproj", "{B4AA25F5-3319-4E6D-B3BF-C2A7DF301845}"
EndProject
Project("{FAE04EC0-301F-11D3-BF4B-00C04F79EFBC}") = "02ArrayList使用", "02ArrayList使用\02ArrayList使用.csproj", "{E7F263A9-5AE0-478F-92E9-7FAD1EE44262}"
EndProject
Project("{FAE04EC0-301F-11D3-BF4B-00C04F79EFBC}") = "03HashTable", "03HashTable\03HashTable.csproj", "{BD955590-001E-40E1-A0F9-28E7E50779B8}"
EndProject
Project("{FAE04EC0-301F-11D3-BF4B-00C04F79EFBC}") = "04FileAPath", "04Path\04FileAPath.csproj", "{1596024D-838F-492E-B1AA-770682513999}"
EndProject
Project("{FAE04EC0-301F-11D3-BF4B-00C04F79EFBC}") = "05编码使用", "05编码使用\05编码使用.csproj", "{C340D617-7C98-45FD-890E-3E4400B999A6}"
EndProject
Project("{FAE04EC0-301F-11D3-BF4B-00C04F79EFBC}") = "08List泛型集合", "08List泛型集合\08List泛型集合.csproj", "{61B7CC3F-4568-44EF-8DCB-0911368EA148}"
EndProject
Project("{FAE04EC0-301F-11D3-BF4B-00C04F79EFBC}") = "09装箱和拆箱", "09装箱和拆箱\09装箱和拆箱.csproj", "{C2166A3E-013E-4DC8-8F5D-CBB4B50E1396}"
EndProject
Project("{FAE04EC0-301F-11D3-BF4B-00C04F79EFBC}") = "10Dictionary", "10Dictionary\10Dictionary.csproj", "{C90B1A04-56F5-4A4A-A5A9-977F5DCC0FBC}"
EndProject
Project("{FAE04EC0-301F-11D3-BF4B-00C04F79EFBC}") = "11FileStream", "11FileStream\11FileStream.csproj", "{B77C507B-9B47-490F-AC91-828D2CA614D7}"
EndProject
Project("{FAE04EC0-301F-11D3-BF4B-00C04F79EFBC}") = "12StreamReadWriter", "12StreamReadWriter\12StreamReadWriter.csproj", "{C33606DB-59BA-4DB0-BE59-4274CCEEC746}"
EndProject
Project("{FAE04EC0-301F-11D3-BF4B-00C04F79EFBC}") = "13面向对象多态Vistual", "13面向对象多态\13面向对象多态Vistual.csproj", "{1AFFAD9B-1F6F-422A-8870-6C42F128B9B3}"
EndProject
Project("{FAE04EC0-301F-11D3-BF4B-00C04F79EFBC}") = "14抽象类", "14抽象类\14抽象类.csproj", "{F499AB83-B30A-4215-88D1-17A1FE34B4B8}"
EndProject
Project("{FAE04EC0-301F-11D3-BF4B-00C04F79EFBC}") = "15抽象类的练习", "15抽象类的特点\15抽象类的练习.csproj", "{1E8A2172-45FD-4A91-B3C7-A8D09BA0AA76}"
EndProject
Project("{FAE04EC0-301F-11D3-BF4B-00C04F79EFBC}") = "16抽象类多态练习_电脑外设", "16电脑外设\16抽象类多态练习_电脑外设.csproj", "{1FE1DCBC-B6C6-429D-BE46-5FF484148EA5}"
EndProject
Project("{FAE04EC0-301F-11D3-BF4B-00C04F79EFBC}") = "17访问修饰符01", "17访问修饰符\17访问修饰符01.csproj", "{1C3C6A40-C122-495F-A551-CF07E6FCBF6D}"
EndProject
Project("{FAE04EC0-301F-11D3-BF4B-00C04F79EFBC}") = "17访问修饰符02", "17访问修饰符02\17访问修饰符02.csproj", "{EF4608E8-C607-48BF-B8DA-4730FA2CF629}"
EndProject
Project("{FAE04EC0-301F-11D3-BF4B-00C04F79EFBC}") = "18简单工厂模式示例", "18简单工厂模式示例\18简单工厂模式示例.csproj", "{7681DA8E-78BB-43D5-8481-6AF1A77A24E8}"
EndProject
Project("{FAE04EC0-301F-11D3-BF4B-00C04F79EFBC}") = "19值类型和引用类型", "19值类型和引用类型\19值类型和引用类型.csproj", "{10F53156-6C49-4D79-A3ED-EF740D0CC9A6}"
EndProject
Project("{FAE04EC0-301F-11D3-BF4B-00C04F79EFBC}") = "20序列化与反序列化", "20序列化与反序列化\20序列化与反序列化.csproj", "{413A16E9-4D44-4EBE-A407-1C1A7E7BF5D0}"
EndProject
Project("{FAE04EC0-301F-11D3-BF4B-00C04F79EFBC}") = "21接口", "21接口\21接口.csproj", "{7D746A12-88ED-4B5C-87E7-66ED39BCAA20}"
EndProject
Project("{FAE04EC0-301F-11D3-BF4B-00C04F79EFBC}") = "21部分类和密封类", "21部分类\21部分类和密封类.csproj", "{045A15B2-E6F9-4DE4-A6BB-5470496FCA72}"
EndProject
Project("{FAE04EC0-301F-11D3-BF4B-00C04F79EFBC}") = "22接口联系1", "22接口联系\22接口联系1.csproj", "{40FB5A8F-EFD9-4A65-94A9-076DF3499F66}"
EndProject
Project("{FAE04EC0-301F-11D3-BF4B-00C04F79EFBC}") = "23接口练习2", "23接口练习\23接口练习2.csproj", "{B02B9E8C-0E9A-48D2-80EC-35C6C648BA56}"
EndProject
Project("{FAE04EC0-301F-11D3-BF4B-00C04F79EFBC}") = "24收银台", "24收银台\24收银台.csproj", "{5A0522C6-B466-4DCF-A161-A1F88356B1DF}"
EndProject
Project("{2150E333-8FDC-42A3-9474-1A3956D46DE8}") = "DOT基础排盲", "DOT基础排盲", "{EDFD90A0-A674-4D38-A763-7EDC02C8B25A}"
EndProject
Project("{2150E333-8FDC-42A3-9474-1A3956D46DE8}") = "Winform教程", "Winform教程", "{453BA11B-2DB9-4B8A-A76F-BA95F396A03F}"
EndProject
Project("{FAE04EC0-301F-11D3-BF4B-00C04F79EFBC}") = "25MD5加密", "25MD5加密\25MD5加密.csproj", "{955D04FC-4701-4DE1-8DB5-4FD85288EBB7}"
EndProject
Project("{FAE04EC0-301F-11D3-BF4B-00C04F79EFBC}") = "01WinForm", "01WinForm\01WinForm.csproj", "{0A3DC790-A2AC-4889-846D-3180B686EE72}"
EndProject
Global
	GlobalSection(SolutionConfigurationPlatforms) = preSolution
		Debug|Any CPU = Debug|Any CPU
		Release|Any CPU = Release|Any CPU
	EndGlobalSection
	GlobalSection(ProjectConfigurationPlatforms) = postSolution
		{FF9148EC-35F7-4411-A54F-5C5B3A89DED8}.Debug|Any CPU.ActiveCfg = Debug|Any CPU
		{FF9148EC-35F7-4411-A54F-5C5B3A89DED8}.Debug|Any CPU.Build.0 = Debug|Any CPU
		{FF9148EC-35F7-4411-A54F-5C5B3A89DED8}.Release|Any CPU.ActiveCfg = Release|Any CPU
		{FF9148EC-35F7-4411-A54F-5C5B3A89DED8}.Release|Any CPU.Build.0 = Release|Any CPU
		{5CE24FA1-AE74-49A7-9134-4482A5C9189D}.Debug|Any CPU.ActiveCfg = Debug|Any CPU
		{5CE24FA1-AE74-49A7-9134-4482A5C9189D}.Debug|Any CPU.Build.0 = Debug|Any CPU
		{5CE24FA1-AE74-49A7-9134-4482A5C9189D}.Release|Any CPU.ActiveCfg = Release|Any CPU
		{5CE24FA1-AE74-49A7-9134-4482A5C9189D}.Release|Any CPU.Build.0 = Release|Any CPU
		{B4AA25F5-3319-4E6D-B3BF-C2A7DF301845}.Debug|Any CPU.ActiveCfg = Debug|Any CPU
		{B4AA25F5-3319-4E6D-B3BF-C2A7DF301845}.Debug|Any CPU.Build.0 = Debug|Any CPU
		{B4AA25F5-3319-4E6D-B3BF-C2A7DF301845}.Release|Any CPU.ActiveCfg = Release|Any CPU
		{B4AA25F5-3319-4E6D-B3BF-C2A7DF301845}.Release|Any CPU.Build.0 = Release|Any CPU
		{E7F263A9-5AE0-478F-92E9-7FAD1EE44262}.Debug|Any CPU.ActiveCfg = Debug|Any CPU
		{E7F263A9-5AE0-478F-92E9-7FAD1EE44262}.Debug|Any CPU.Build.0 = Debug|Any CPU
		{E7F263A9-5AE0-478F-92E9-7FAD1EE44262}.Release|Any CPU.ActiveCfg = Release|Any CPU
		{E7F263A9-5AE0-478F-92E9-7FAD1EE44262}.Release|Any CPU.Build.0 = Release|Any CPU
		{BD955590-001E-40E1-A0F9-28E7E50779B8}.Debug|Any CPU.ActiveCfg = Debug|Any CPU
		{BD955590-001E-40E1-A0F9-28E7E50779B8}.Debug|Any CPU.Build.0 = Debug|Any CPU
		{BD955590-001E-40E1-A0F9-28E7E50779B8}.Release|Any CPU.ActiveCfg = Release|Any CPU
		{BD955590-001E-40E1-A0F9-28E7E50779B8}.Release|Any CPU.Build.0 = Release|Any CPU
		{1596024D-838F-492E-B1AA-770682513999}.Debug|Any CPU.ActiveCfg = Debug|Any CPU
		{1596024D-838F-492E-B1AA-770682513999}.Debug|Any CPU.Build.0 = Debug|Any CPU
		{1596024D-838F-492E-B1AA-770682513999}.Release|Any CPU.ActiveCfg = Release|Any CPU
		{1596024D-838F-492E-B1AA-770682513999}.Release|Any CPU.Build.0 = Release|Any CPU
		{C340D617-7C98-45FD-890E-3E4400B999A6}.Debug|Any CPU.ActiveCfg = Debug|Any CPU
		{C340D617-7C98-45FD-890E-3E4400B999A6}.Debug|Any CPU.Build.0 = Debug|Any CPU
		{C340D617-7C98-45FD-890E-3E4400B999A6}.Release|Any CPU.ActiveCfg = Release|Any CPU
		{C340D617-7C98-45FD-890E-3E4400B999A6}.Release|Any CPU.Build.0 = Release|Any CPU
		{61B7CC3F-4568-44EF-8DCB-0911368EA148}.Debug|Any CPU.ActiveCfg = Debug|Any CPU
		{61B7CC3F-4568-44EF-8DCB-0911368EA148}.Debug|Any CPU.Build.0 = Debug|Any CPU
		{61B7CC3F-4568-44EF-8DCB-0911368EA148}.Release|Any CPU.ActiveCfg = Release|Any CPU
		{61B7CC3F-4568-44EF-8DCB-0911368EA148}.Release|Any CPU.Build.0 = Release|Any CPU
		{C2166A3E-013E-4DC8-8F5D-CBB4B50E1396}.Debug|Any CPU.ActiveCfg = Debug|Any CPU
		{C2166A3E-013E-4DC8-8F5D-CBB4B50E1396}.Debug|Any CPU.Build.0 = Debug|Any CPU
		{C2166A3E-013E-4DC8-8F5D-CBB4B50E1396}.Release|Any CPU.ActiveCfg = Release|Any CPU
		{C2166A3E-013E-4DC8-8F5D-CBB4B50E1396}.Release|Any CPU.Build.0 = Release|Any CPU
		{C90B1A04-56F5-4A4A-A5A9-977F5DCC0FBC}.Debug|Any CPU.ActiveCfg = Debug|Any CPU
		{C90B1A04-56F5-4A4A-A5A9-977F5DCC0FBC}.Debug|Any CPU.Build.0 = Debug|Any CPU
		{C90B1A04-56F5-4A4A-A5A9-977F5DCC0FBC}.Release|Any CPU.ActiveCfg = Release|Any CPU
		{C90B1A04-56F5-4A4A-A5A9-977F5DCC0FBC}.Release|Any CPU.Build.0 = Release|Any CPU
		{B77C507B-9B47-490F-AC91-828D2CA614D7}.Debug|Any CPU.ActiveCfg = Debug|Any CPU
		{B77C507B-9B47-490F-AC91-828D2CA614D7}.Debug|Any CPU.Build.0 = Debug|Any CPU
		{B77C507B-9B47-490F-AC91-828D2CA614D7}.Release|Any CPU.ActiveCfg = Release|Any CPU
		{B77C507B-9B47-490F-AC91-828D2CA614D7}.Release|Any CPU.Build.0 = Release|Any CPU
		{C33606DB-59BA-4DB0-BE59-4274CCEEC746}.Debug|Any CPU.ActiveCfg = Debug|Any CPU
		{C33606DB-59BA-4DB0-BE59-4274CCEEC746}.Debug|Any CPU.Build.0 = Debug|Any CPU
		{C33606DB-59BA-4DB0-BE59-4274CCEEC746}.Release|Any CPU.ActiveCfg = Release|Any CPU
		{C33606DB-59BA-4DB0-BE59-4274CCEEC746}.Release|Any CPU.Build.0 = Release|Any CPU
		{1AFFAD9B-1F6F-422A-8870-6C42F128B9B3}.Debug|Any CPU.ActiveCfg = Debug|Any CPU
		{1AFFAD9B-1F6F-422A-8870-6C42F128B9B3}.Debug|Any CPU.Build.0 = Debug|Any CPU
		{1AFFAD9B-1F6F-422A-8870-6C42F128B9B3}.Release|Any CPU.ActiveCfg = Release|Any CPU
		{1AFFAD9B-1F6F-422A-8870-6C42F128B9B3}.Release|Any CPU.Build.0 = Release|Any CPU
		{F499AB83-B30A-4215-88D1-17A1FE34B4B8}.Debug|Any CPU.ActiveCfg = Debug|Any CPU
		{F499AB83-B30A-4215-88D1-17A1FE34B4B8}.Debug|Any CPU.Build.0 = Debug|Any CPU
		{F499AB83-B30A-4215-88D1-17A1FE34B4B8}.Release|Any CPU.ActiveCfg = Release|Any CPU
		{F499AB83-B30A-4215-88D1-17A1FE34B4B8}.Release|Any CPU.Build.0 = Release|Any CPU
		{1E8A2172-45FD-4A91-B3C7-A8D09BA0AA76}.Debug|Any CPU.ActiveCfg = Debug|Any CPU
		{1E8A2172-45FD-4A91-B3C7-A8D09BA0AA76}.Debug|Any CPU.Build.0 = Debug|Any CPU
		{1E8A2172-45FD-4A91-B3C7-A8D09BA0AA76}.Release|Any CPU.ActiveCfg = Release|Any CPU
		{1E8A2172-45FD-4A91-B3C7-A8D09BA0AA76}.Release|Any CPU.Build.0 = Release|Any CPU
		{1FE1DCBC-B6C6-429D-BE46-5FF484148EA5}.Debug|Any CPU.ActiveCfg = Debug|Any CPU
		{1FE1DCBC-B6C6-429D-BE46-5FF484148EA5}.Debug|Any CPU.Build.0 = Debug|Any CPU
		{1FE1DCBC-B6C6-429D-BE46-5FF484148EA5}.Release|Any CPU.ActiveCfg = Release|Any CPU
		{1FE1DCBC-B6C6-429D-BE46-5FF484148EA5}.Release|Any CPU.Build.0 = Release|Any CPU
		{1C3C6A40-C122-495F-A551-CF07E6FCBF6D}.Debug|Any CPU.ActiveCfg = Debug|Any CPU
		{1C3C6A40-C122-495F-A551-CF07E6FCBF6D}.Debug|Any CPU.Build.0 = Debug|Any CPU
		{1C3C6A40-C122-495F-A551-CF07E6FCBF6D}.Release|Any CPU.ActiveCfg = Release|Any CPU
		{1C3C6A40-C122-495F-A551-CF07E6FCBF6D}.Release|Any CPU.Build.0 = Release|Any CPU
		{EF4608E8-C607-48BF-B8DA-4730FA2CF629}.Debug|Any CPU.ActiveCfg = Debug|Any CPU
		{EF4608E8-C607-48BF-B8DA-4730FA2CF629}.Debug|Any CPU.Build.0 = Debug|Any CPU
		{EF4608E8-C607-48BF-B8DA-4730FA2CF629}.Release|Any CPU.ActiveCfg = Release|Any CPU
		{EF4608E8-C607-48BF-B8DA-4730FA2CF629}.Release|Any CPU.Build.0 = Release|Any CPU
		{7681DA8E-78BB-43D5-8481-6AF1A77A24E8}.Debug|Any CPU.ActiveCfg = Debug|Any CPU
		{7681DA8E-78BB-43D5-8481-6AF1A77A24E8}.Debug|Any CPU.Build.0 = Debug|Any CPU
		{7681DA8E-78BB-43D5-8481-6AF1A77A24E8}.Release|Any CPU.ActiveCfg = Release|Any CPU
		{7681DA8E-78BB-43D5-8481-6AF1A77A24E8}.Release|Any CPU.Build.0 = Release|Any CPU
		{10F53156-6C49-4D79-A3ED-EF740D0CC9A6}.Debug|Any CPU.ActiveCfg = Debug|Any CPU
		{10F53156-6C49-4D79-A3ED-EF740D0CC9A6}.Debug|Any CPU.Build.0 = Debug|Any CPU
		{10F53156-6C49-4D79-A3ED-EF740D0CC9A6}.Release|Any CPU.ActiveCfg = Release|Any CPU
		{10F53156-6C49-4D79-A3ED-EF740D0CC9A6}.Release|Any CPU.Build.0 = Release|Any CPU
		{413A16E9-4D44-4EBE-A407-1C1A7E7BF5D0}.Debug|Any CPU.ActiveCfg = Debug|Any CPU
		{413A16E9-4D44-4EBE-A407-1C1A7E7BF5D0}.Debug|Any CPU.Build.0 = Debug|Any CPU
		{413A16E9-4D44-4EBE-A407-1C1A7E7BF5D0}.Release|Any CPU.ActiveCfg = Release|Any CPU
		{413A16E9-4D44-4EBE-A407-1C1A7E7BF5D0}.Release|Any CPU.Build.0 = Release|Any CPU
		{7D746A12-88ED-4B5C-87E7-66ED39BCAA20}.Debug|Any CPU.ActiveCfg = Debug|Any CPU
		{7D746A12-88ED-4B5C-87E7-66ED39BCAA20}.Debug|Any CPU.Build.0 = Debug|Any CPU
		{7D746A12-88ED-4B5C-87E7-66ED39BCAA20}.Release|Any CPU.ActiveCfg = Release|Any CPU
		{7D746A12-88ED-4B5C-87E7-66ED39BCAA20}.Release|Any CPU.Build.0 = Release|Any CPU
		{045A15B2-E6F9-4DE4-A6BB-5470496FCA72}.Debug|Any CPU.ActiveCfg = Debug|Any CPU
		{045A15B2-E6F9-4DE4-A6BB-5470496FCA72}.Debug|Any CPU.Build.0 = Debug|Any CPU
		{045A15B2-E6F9-4DE4-A6BB-5470496FCA72}.Release|Any CPU.ActiveCfg = Release|Any CPU
		{045A15B2-E6F9-4DE4-A6BB-5470496FCA72}.Release|Any CPU.Build.0 = Release|Any CPU
		{40FB5A8F-EFD9-4A65-94A9-076DF3499F66}.Debug|Any CPU.ActiveCfg = Debug|Any CPU
		{40FB5A8F-EFD9-4A65-94A9-076DF3499F66}.Debug|Any CPU.Build.0 = Debug|Any CPU
		{40FB5A8F-EFD9-4A65-94A9-076DF3499F66}.Release|Any CPU.ActiveCfg = Release|Any CPU
		{40FB5A8F-EFD9-4A65-94A9-076DF3499F66}.Release|Any CPU.Build.0 = Release|Any CPU
		{B02B9E8C-0E9A-48D2-80EC-35C6C648BA56}.Debug|Any CPU.ActiveCfg = Debug|Any CPU
		{B02B9E8C-0E9A-48D2-80EC-35C6C648BA56}.Debug|Any CPU.Build.0 = Debug|Any CPU
		{B02B9E8C-0E9A-48D2-80EC-35C6C648BA56}.Release|Any CPU.ActiveCfg = Release|Any CPU
		{B02B9E8C-0E9A-48D2-80EC-35C6C648BA56}.Release|Any CPU.Build.0 = Release|Any CPU
		{5A0522C6-B466-4DCF-A161-A1F88356B1DF}.Debug|Any CPU.ActiveCfg = Debug|Any CPU
		{5A0522C6-B466-4DCF-A161-A1F88356B1DF}.Debug|Any CPU.Build.0 = Debug|Any CPU
		{5A0522C6-B466-4DCF-A161-A1F88356B1DF}.Release|Any CPU.ActiveCfg = Release|Any CPU
		{5A0522C6-B466-4DCF-A161-A1F88356B1DF}.Release|Any CPU.Build.0 = Release|Any CPU
		{955D04FC-4701-4DE1-8DB5-4FD85288EBB7}.Debug|Any CPU.ActiveCfg = Debug|Any CPU
		{955D04FC-4701-4DE1-8DB5-4FD85288EBB7}.Debug|Any CPU.Build.0 = Debug|Any CPU
		{955D04FC-4701-4DE1-8DB5-4FD85288EBB7}.Release|Any CPU.ActiveCfg = Release|Any CPU
		{955D04FC-4701-4DE1-8DB5-4FD85288EBB7}.Release|Any CPU.Build.0 = Release|Any CPU
		{0A3DC790-A2AC-4889-846D-3180B686EE72}.Debug|Any CPU.ActiveCfg = Debug|Any CPU
		{0A3DC790-A2AC-4889-846D-3180B686EE72}.Debug|Any CPU.Build.0 = Debug|Any CPU
		{0A3DC790-A2AC-4889-846D-3180B686EE72}.Release|Any CPU.ActiveCfg = Release|Any CPU
		{0A3DC790-A2AC-4889-846D-3180B686EE72}.Release|Any CPU.Build.0 = Release|Any CPU
	EndGlobalSection
	GlobalSection(SolutionProperties) = preSolution
		HideSolutionNode = FALSE
	EndGlobalSection
	GlobalSection(NestedProjects) = preSolution
		{B4AA25F5-3319-4E6D-B3BF-C2A7DF301845} = {EDFD90A0-A674-4D38-A763-7EDC02C8B25A}
		{E7F263A9-5AE0-478F-92E9-7FAD1EE44262} = {EDFD90A0-A674-4D38-A763-7EDC02C8B25A}
		{BD955590-001E-40E1-A0F9-28E7E50779B8} = {EDFD90A0-A674-4D38-A763-7EDC02C8B25A}
		{1596024D-838F-492E-B1AA-770682513999} = {EDFD90A0-A674-4D38-A763-7EDC02C8B25A}
		{C340D617-7C98-45FD-890E-3E4400B999A6} = {EDFD90A0-A674-4D38-A763-7EDC02C8B25A}
		{5CE24FA1-AE74-49A7-9134-4482A5C9189D} = {EDFD90A0-A674-4D38-A763-7EDC02C8B25A}
		{FF9148EC-35F7-4411-A54F-5C5B3A89DED8} = {EDFD90A0-A674-4D38-A763-7EDC02C8B25A}
		{61B7CC3F-4568-44EF-8DCB-0911368EA148} = {EDFD90A0-A674-4D38-A763-7EDC02C8B25A}
		{C2166A3E-013E-4DC8-8F5D-CBB4B50E1396} = {EDFD90A0-A674-4D38-A763-7EDC02C8B25A}
		{C90B1A04-56F5-4A4A-A5A9-977F5DCC0FBC} = {EDFD90A0-A674-4D38-A763-7EDC02C8B25A}
		{B77C507B-9B47-490F-AC91-828D2CA614D7} = {EDFD90A0-A674-4D38-A763-7EDC02C8B25A}
		{C33606DB-59BA-4DB0-BE59-4274CCEEC746} = {EDFD90A0-A674-4D38-A763-7EDC02C8B25A}
		{1AFFAD9B-1F6F-422A-8870-6C42F128B9B3} = {EDFD90A0-A674-4D38-A763-7EDC02C8B25A}
		{F499AB83-B30A-4215-88D1-17A1FE34B4B8} = {EDFD90A0-A674-4D38-A763-7EDC02C8B25A}
		{1E8A2172-45FD-4A91-B3C7-A8D09BA0AA76} = {EDFD90A0-A674-4D38-A763-7EDC02C8B25A}
		{1FE1DCBC-B6C6-429D-BE46-5FF484148EA5} = {EDFD90A0-A674-4D38-A763-7EDC02C8B25A}
		{1C3C6A40-C122-495F-A551-CF07E6FCBF6D} = {EDFD90A0-A674-4D38-A763-7EDC02C8B25A}
		{EF4608E8-C607-48BF-B8DA-4730FA2CF629} = {EDFD90A0-A674-4D38-A763-7EDC02C8B25A}
		{7681DA8E-78BB-43D5-8481-6AF1A77A24E8} = {EDFD90A0-A674-4D38-A763-7EDC02C8B25A}
		{10F53156-6C49-4D79-A3ED-EF740D0CC9A6} = {EDFD90A0-A674-4D38-A763-7EDC02C8B25A}
		{413A16E9-4D44-4EBE-A407-1C1A7E7BF5D0} = {EDFD90A0-A674-4D38-A763-7EDC02C8B25A}
		{045A15B2-E6F9-4DE4-A6BB-5470496FCA72} = {EDFD90A0-A674-4D38-A763-7EDC02C8B25A}
		{7D746A12-88ED-4B5C-87E7-66ED39BCAA20} = {EDFD90A0-A674-4D38-A763-7EDC02C8B25A}
		{40FB5A8F-EFD9-4A65-94A9-076DF3499F66} = {EDFD90A0-A674-4D38-A763-7EDC02C8B25A}
		{B02B9E8C-0E9A-48D2-80EC-35C6C648BA56} = {EDFD90A0-A674-4D38-A763-7EDC02C8B25A}
		{5A0522C6-B466-4DCF-A161-A1F88356B1DF} = {EDFD90A0-A674-4D38-A763-7EDC02C8B25A}
		{955D04FC-4701-4DE1-8DB5-4FD85288EBB7} = {EDFD90A0-A674-4D38-A763-7EDC02C8B25A}
		{0A3DC790-A2AC-4889-846D-3180B686EE72} = {453BA11B-2DB9-4B8A-A76F-BA95F396A03F}
	EndGlobalSection
EndGlobal
